{
  "pins" : [
    {
      "identity" : "evervault-pay",
      "kind" : "remoteSourceControl",
      "location" : "https://github.com/evervault/evervault-pay.git",
      "state" : {
        "revision" : "c3e1436d998ccaf6d37cbf58f18de384fdccddf9",
        "version" : "0.0.17"
      }
    },
    {
      "identity" : "mockingbird",
      "kind" : "remoteSourceControl",
      "location" : "https://github.com/birdrides/mockingbird.git",
      "state" : {
        "revision" : "6e0d473df6b975719e145f6aebf90990c634700e",
        "version" : "0.20.0"
      }
    }
  ],
  "version" : 2
}
