{
  "pins" : [
    {
      "identity" : "evervault-pay",
      "kind" : "remoteSourceControl",
      "location" : "https://github.com/evervault/evervault-pay.git",
      "state" : {
        "revision" : "d058bc450581bd4204dcc5eee1fb9a457cacffb1",
        "version" : "0.0.20"
      }
    },
    {
      "identity" : "mockingbird",
      "kind" : "remoteSourceControl",
      "location" : "https://github.com/birdrides/mockingbird.git",
      "state" : {
        "revision" : "6e0d473df6b975719e145f6aebf90990c634700e",
        "version" : "0.20.0"
      }
    }
  ],
  "version" : 2
}
