{
  "pins" : [
    {
      "identity" : "evervault-pay",
      "kind" : "remoteSourceControl",
      "location" : "https://github.com/evervault/evervault-pay.git",
      "state" : {
        "revision" : "da5e13cadb0db4b63dcedc4f4504058af85d7b09",
        "version" : "0.0.21"
      }
    },
    {
      "identity" : "mockingbird",
      "kind" : "remoteSourceControl",
      "location" : "https://github.com/birdrides/mockingbird.git",
      "state" : {
        "revision" : "6e0d473df6b975719e145f6aebf90990c634700e",
        "version" : "0.20.0"
      }
    }
  ],
  "version" : 2
}
