{"projectHash":"b16b9df6e41f508347627d6117812938bc02fc8f","productModuleName":"EvervaultCoreTests","mockedTypeNames":["\/Users\/lwesterhoff\/Developer\/Evervault\/evervault-ios\/Tests\/EvervaultCoreTests\/core\/HttpKeysLoaderTest.swift",[],"\/Users\/lwesterhoff\/Developer\/Evervault\/evervault-ios\/Tests\/EvervaultCoreTests\/core\/dataHandlers\/ArrayHandlerTest.swift",["DataHandlerContext"],"\/Users\/lwesterhoff\/Developer\/Evervault\/evervault-ios\/Tests\/EvervaultCoreTests\/core\/dataHandlers\/StringHandlerTest.swift",["DataHandlerContext","EncryptionService"],"\/Users\/lwesterhoff\/Developer\/Evervault\/evervault-ios\/Tests\/EvervaultCoreTests\/core\/BasicTest.swift",[],"\/Users\/lwesterhoff\/Developer\/Evervault\/evervault-ios\/Tests\/EvervaultCoreTests\/core\/dataHandlers\/DictionaryHandlerTest.swift",["DataHandlerContext"],"\/Users\/lwesterhoff\/Developer\/Evervault\/evervault-ios\/Tests\/EvervaultCoreTests\/core\/format\/R1StdEncryptionFormatterTest.swift",[],"\/Users\/lwesterhoff\/Developer\/Evervault\/evervault-ios\/Tests\/EvervaultCoreTests\/core\/utils\/crc32Test.swift",[],"\/Users\/lwesterhoff\/Developer\/Evervault\/evervault-ios\/Tests\/EvervaultCoreTests\/core\/keys\/CageKeyTest.swift",[],"\/Users\/lwesterhoff\/Developer\/Evervault\/evervault-ios\/Tests\/EvervaultCoreTests\/core\/dataHandlers\/BooleanHandlerTest.swift",["DataHandlerContext","EncryptionService"],"\/Users\/lwesterhoff\/Developer\/Evervault\/evervault-ios\/Tests\/EvervaultCoreTests\/core\/dataHandlers\/DataHandlersTest.swift",["DataHandlerContext","EncryptionService"],"\/Users\/lwesterhoff\/Developer\/Evervault\/evervault-ios\/Tests\/EvervaultCoreTests\/core\/curves\/asn1Test.swift",[],"\/Users\/lwesterhoff\/Developer\/Evervault\/evervault-ios\/Tests\/EvervaultCoreTests\/core\/dataHandlers\/NumberHandler.swift",["EncryptionService","DataHandlerContext"],"\/Users\/lwesterhoff\/Developer\/Evervault\/evervault-ios\/Tests\/EvervaultCoreTests\/core\/utils\/ecPointCompressTest.swift",[]],"cliVersion":"0.20.0","sourceFilePaths":[{"path":"\/Users\/lwesterhoff\/Developer\/Evervault\/evervault-ios\/Tests\/EvervaultCoreTests\/MockingbirdMocks\/EvervaultCoreMocks.generated.swift","hash":"61b5e13b3b2bdd1316440c84c8db4af07d716d12"},{"path":"\/Users\/lwesterhoff\/Developer\/Evervault\/evervault-ios\/Tests\/EvervaultCoreTests\/core\/BasicTest.swift","hash":"ae15961c711af7bd01587345f19e0db8fde01288"},{"path":"\/Users\/lwesterhoff\/Developer\/Evervault\/evervault-ios\/Tests\/EvervaultCoreTests\/core\/HttpKeysLoaderTest.swift","hash":"c2d2a4f9d6dd4ab8ba7b475edb5a5023ff26b982"},{"path":"\/Users\/lwesterhoff\/Developer\/Evervault\/evervault-ios\/Tests\/EvervaultCoreTests\/core\/curves\/asn1Test.swift","hash":"671adf110b6566223592dc671a7a2976b9327251"},{"path":"\/Users\/lwesterhoff\/Developer\/Evervault\/evervault-ios\/Tests\/EvervaultCoreTests\/core\/dataHandlers\/ArrayHandlerTest.swift","hash":"af64426817e2c54ffaf1bfa92a5c863ad7bf7e84"},{"path":"\/Users\/lwesterhoff\/Developer\/Evervault\/evervault-ios\/Tests\/EvervaultCoreTests\/core\/dataHandlers\/BooleanHandlerTest.swift","hash":"7a21b1f20bfed21e82b145b7b4d599549807b9c7"},{"path":"\/Users\/lwesterhoff\/Developer\/Evervault\/evervault-ios\/Tests\/EvervaultCoreTests\/core\/dataHandlers\/DataHandlersTest.swift","hash":"0ef2f0e14942f8b5860e638480d6f941833cc2f7"},{"path":"\/Users\/lwesterhoff\/Developer\/Evervault\/evervault-ios\/Tests\/EvervaultCoreTests\/core\/dataHandlers\/DictionaryHandlerTest.swift","hash":"848a4d63b798bd52ec48e1fac8c97191389eb9f7"},{"path":"\/Users\/lwesterhoff\/Developer\/Evervault\/evervault-ios\/Tests\/EvervaultCoreTests\/core\/dataHandlers\/NumberHandler.swift","hash":"7b23509fa5e91f7ace4d7b9dd851e7cf0f7a8f00"},{"path":"\/Users\/lwesterhoff\/Developer\/Evervault\/evervault-ios\/Tests\/EvervaultCoreTests\/core\/dataHandlers\/StringHandlerTest.swift","hash":"b041b42cced92b6409f24c2de35dcf97db0f2d2e"},{"path":"\/Users\/lwesterhoff\/Developer\/Evervault\/evervault-ios\/Tests\/EvervaultCoreTests\/core\/format\/R1StdEncryptionFormatterTest.swift","hash":"041c3e5e9c58a624d20ca7d7bcfbb351891f62a8"},{"path":"\/Users\/lwesterhoff\/Developer\/Evervault\/evervault-ios\/Tests\/EvervaultCoreTests\/core\/keys\/CageKeyTest.swift","hash":"932584b5cd7b80578b49c2d19eae82311a51c880"},{"path":"\/Users\/lwesterhoff\/Developer\/Evervault\/evervault-ios\/Tests\/EvervaultCoreTests\/core\/utils\/crc32Test.swift","hash":"d87425c307f6d0a85b7b67fa906fff35a4b55ac8"},{"path":"\/Users\/lwesterhoff\/Developer\/Evervault\/evervault-ios\/Tests\/EvervaultCoreTests\/core\/utils\/ecPointCompressTest.swift","hash":"6aaa4cca5f5eb49d0ef0d09abb3fe0c7058b8ad7"}],"sourceRoot":"\/Users\/lwesterhoff\/Developer\/Evervault\/evervault-ios","dependencies":[],"name":"EvervaultCoreTests"}