{"cliVersion":"0.20.0","productModuleName":"EvervaultCore","sourceFilePaths":[{"path":"\/Users\/lwesterhoff\/Developer\/Evervault\/evervault-ios\/Sources\/EvervaultCore\/Config.swift","hash":"60adb43cdea4eb81e90046a89f483e0758120e43"},{"path":"\/Users\/lwesterhoff\/Developer\/Evervault\/evervault-ios\/Sources\/EvervaultCore\/Evervault.swift","hash":"f8168c1f9460a798b52c95afbc539f620e2ab23f"},{"path":"\/Users\/lwesterhoff\/Developer\/Evervault\/evervault-ios\/Sources\/EvervaultCore\/core\/Crypto.swift","hash":"06767921cbe1f7092654468cb4e72fab4f4099ce"},{"path":"\/Users\/lwesterhoff\/Developer\/Evervault\/evervault-ios\/Sources\/EvervaultCore\/core\/CryptoDataCipher.swift","hash":"9fbec0b1ecb5f1ad0c6e201629b9db148e490dc1"},{"path":"\/Users\/lwesterhoff\/Developer\/Evervault\/evervault-ios\/Sources\/EvervaultCore\/core\/CryptoLoader.swift","hash":"b255626bcd0961b108e1e1f6dcb0f457f6970b82"},{"path":"\/Users\/lwesterhoff\/Developer\/Evervault\/evervault-ios\/Sources\/EvervaultCore\/core\/DataCipher.swift","hash":"c150d538f3d3e2697dc3f3da2fabfa296a3e911f"},{"path":"\/Users\/lwesterhoff\/Developer\/Evervault\/evervault-ios\/Sources\/EvervaultCore\/core\/DataType.swift","hash":"45c6cbb880cf23cd02572ee3b51383c49f810f84"},{"path":"\/Users\/lwesterhoff\/Developer\/Evervault\/evervault-ios\/Sources\/EvervaultCore\/core\/EncryptedData.swift","hash":"bae8bcea0eb6df280317c992e2380c997b238d4f"},{"path":"\/Users\/lwesterhoff\/Developer\/Evervault\/evervault-ios\/Sources\/EvervaultCore\/core\/EncryptionService.swift","hash":"f83aec6cdab1472f10224108f34a38988e10e139"},{"path":"\/Users\/lwesterhoff\/Developer\/Evervault\/evervault-ios\/Sources\/EvervaultCore\/core\/Http.swift","hash":"551ceb909ccaf2dc2f779c1171ddb6593a95e675"},{"path":"\/Users\/lwesterhoff\/Developer\/Evervault\/evervault-ios\/Sources\/EvervaultCore\/core\/HttpKeysLoader.swift","hash":"362c9aae65c82942a335463d68042d71d2c515bb"},{"path":"\/Users\/lwesterhoff\/Developer\/Evervault\/evervault-ios\/Sources\/EvervaultCore\/core\/curves\/asn1.swift","hash":"79fa8edc2a2e79c9947f65584f8f4caa17ffba10"},{"path":"\/Users\/lwesterhoff\/Developer\/Evervault\/evervault-ios\/Sources\/EvervaultCore\/core\/curves\/buildEncoder.swift","hash":"16a123fa98cce78ac75c16ae61602c3d626e2948"},{"path":"\/Users\/lwesterhoff\/Developer\/Evervault\/evervault-ios\/Sources\/EvervaultCore\/core\/curves\/createCurve.swift","hash":"cb5f26062168622d35f57f06ababe283412c19f7"},{"path":"\/Users\/lwesterhoff\/Developer\/Evervault\/evervault-ios\/Sources\/EvervaultCore\/core\/curves\/p256.swift","hash":"025b79141e832fa73e1b32846c6a589f11e572d7"},{"path":"\/Users\/lwesterhoff\/Developer\/Evervault\/evervault-ios\/Sources\/EvervaultCore\/core\/dataHandlers\/ArrayHandler.swift","hash":"181de7bc2de136fe4a75d7913b2c748064c4fadd"},{"path":"\/Users\/lwesterhoff\/Developer\/Evervault\/evervault-ios\/Sources\/EvervaultCore\/core\/dataHandlers\/BooleanHandler.swift","hash":"cd530f61a14e320e1b2a24b9365c9530993247da"},{"path":"\/Users\/lwesterhoff\/Developer\/Evervault\/evervault-ios\/Sources\/EvervaultCore\/core\/dataHandlers\/BytesHandler.swift","hash":"ec4c39cb748cc2c2bb8022776ffd2dccb78bfcc1"},{"path":"\/Users\/lwesterhoff\/Developer\/Evervault\/evervault-ios\/Sources\/EvervaultCore\/core\/dataHandlers\/DataHandler.swift","hash":"bd1e3fcbca207ecc61cbc691669745efd5d49eea"},{"path":"\/Users\/lwesterhoff\/Developer\/Evervault\/evervault-ios\/Sources\/EvervaultCore\/core\/dataHandlers\/DataHandlers.swift","hash":"a4808d80fd38b7b21e9a71a3bfc34d561d3f9fe7"},{"path":"\/Users\/lwesterhoff\/Developer\/Evervault\/evervault-ios\/Sources\/EvervaultCore\/core\/dataHandlers\/DictionaryHandler.swift","hash":"d947fa7eef95ea30d012aeb6fb63e72efbdf2bb4"},{"path":"\/Users\/lwesterhoff\/Developer\/Evervault\/evervault-ios\/Sources\/EvervaultCore\/core\/dataHandlers\/NumberHandler.swift","hash":"1e0693c4c89ca3ad7ee987f9ebe06af76c43578b"},{"path":"\/Users\/lwesterhoff\/Developer\/Evervault\/evervault-ios\/Sources\/EvervaultCore\/core\/dataHandlers\/StringHandler.swift","hash":"fa08a169e58ad1d18f07204adb77ec58f33f6f66"},{"path":"\/Users\/lwesterhoff\/Developer\/Evervault\/evervault-ios\/Sources\/EvervaultCore\/core\/format\/EncryptionFormatter.swift","hash":"90ad652d1f59aa78715bf4f7088476f4fab9fa7d"},{"path":"\/Users\/lwesterhoff\/Developer\/Evervault\/evervault-ios\/Sources\/EvervaultCore\/core\/format\/File.swift","hash":"064d39827193f85e20be7904853690cfb6cebf7d"},{"path":"\/Users\/lwesterhoff\/Developer\/Evervault\/evervault-ios\/Sources\/EvervaultCore\/core\/format\/R1StdEncryptionFormatter.swift","hash":"222564cf11ebaf7677cde6ef59cc09770ba072b8"},{"path":"\/Users\/lwesterhoff\/Developer\/Evervault\/evervault-ios\/Sources\/EvervaultCore\/core\/keys\/CageKey.swift","hash":"e49c214a83ef6c456fb75c0edba768a53deb2505"},{"path":"\/Users\/lwesterhoff\/Developer\/Evervault\/evervault-ios\/Sources\/EvervaultCore\/core\/keys\/CryptoSharedSecretDeriver.swift","hash":"e3b1a271cc164bf71ef2a2c1a2046df6628a1bc6"},{"path":"\/Users\/lwesterhoff\/Developer\/Evervault\/evervault-ios\/Sources\/EvervaultCore\/core\/keys\/GeneratedSharedKey.swift","hash":"d86e728fe566368cd0f9f4ce067cfc4c5cbc3923"},{"path":"\/Users\/lwesterhoff\/Developer\/Evervault\/evervault-ios\/Sources\/EvervaultCore\/core\/keys\/SharedSecretDeriver.swift","hash":"962a0e291c841aec8faf2f46a3f900b15be6f19e"},{"path":"\/Users\/lwesterhoff\/Developer\/Evervault\/evervault-ios\/Sources\/EvervaultCore\/utils\/EvervaultError.swift","hash":"1ff5d40a411440220f0463e249c5b7dd8b0912b8"},{"path":"\/Users\/lwesterhoff\/Developer\/Evervault\/evervault-ios\/Sources\/EvervaultCore\/utils\/crc32.swift","hash":"bb02af694fe5e5497f26af81d6a66ad4c1586c4c"},{"path":"\/Users\/lwesterhoff\/Developer\/Evervault\/evervault-ios\/Sources\/EvervaultCore\/utils\/ecPointCompress.swift","hash":"4ac6bc85c2eeaab84ca2c9d51390c4a3c3a45415"}],"configHash":"a746a922f1849b3af574143de0626413b835c55a","dependencyPathsHash":"da39a3ee5e6b4b0d3255bfef95601890afd80709","targetPathsHash":"394a74fe831b8e1fe4356370d58af74a9527a737","mockedTypesHash":"15421f790e850effbc51818adb9f5b847a87ee84","outputHash":"61b5e13b3b2bdd1316440c84c8db4af07d716d12","dependencies":[],"sourceRoot":"\/Users\/lwesterhoff\/Developer\/Evervault\/evervault-ios","supportingFilePaths":[],"name":"EvervaultCore","projectHash":"b16b9df6e41f508347627d6117812938bc02fc8f"}