{"cliVersion":"0.20.0","productModuleName":"EvervaultCore","sourceFilePaths":[{"path":"\/Users\/lwesterhoff\/Developer\/Evervault\/evervault-ios\/Sources\/EvervaultCore\/Config.swift","hash":"38d4934b776851f63afb740321ac061ecbfcac87"},{"path":"\/Users\/lwesterhoff\/Developer\/Evervault\/evervault-ios\/Sources\/EvervaultCore\/Evervault.swift","hash":"77dfef4aeb7caea0f948f4caf669b55f1f811391"},{"path":"\/Users\/lwesterhoff\/Developer\/Evervault\/evervault-ios\/Sources\/EvervaultCore\/core\/Crypto.swift","hash":"b4fad41fd15d773331bef1946dd70fcab1337b2b"},{"path":"\/Users\/lwesterhoff\/Developer\/Evervault\/evervault-ios\/Sources\/EvervaultCore\/core\/CryptoLoader.swift","hash":"e4620d4344f3055a285351dc2acdae05c5857062"},{"path":"\/Users\/lwesterhoff\/Developer\/Evervault\/evervault-ios\/Sources\/EvervaultCore\/core\/DataCipher.swift","hash":"86f003679e517e3bb5931a11539cb73eaec4419b"},{"path":"\/Users\/lwesterhoff\/Developer\/Evervault\/evervault-ios\/Sources\/EvervaultCore\/core\/Http.swift","hash":"551ceb909ccaf2dc2f779c1171ddb6593a95e675"},{"path":"\/Users\/lwesterhoff\/Developer\/Evervault\/evervault-ios\/Sources\/EvervaultCore\/core\/HttpKeysLoader.swift","hash":"362c9aae65c82942a335463d68042d71d2c515bb"},{"path":"\/Users\/lwesterhoff\/Developer\/Evervault\/evervault-ios\/Sources\/EvervaultCore\/core\/curves\/asn1.swift","hash":"79fa8edc2a2e79c9947f65584f8f4caa17ffba10"},{"path":"\/Users\/lwesterhoff\/Developer\/Evervault\/evervault-ios\/Sources\/EvervaultCore\/core\/curves\/buildEncoder.swift","hash":"16a123fa98cce78ac75c16ae61602c3d626e2948"},{"path":"\/Users\/lwesterhoff\/Developer\/Evervault\/evervault-ios\/Sources\/EvervaultCore\/core\/curves\/createCurve.swift","hash":"cb5f26062168622d35f57f06ababe283412c19f7"},{"path":"\/Users\/lwesterhoff\/Developer\/Evervault\/evervault-ios\/Sources\/EvervaultCore\/core\/curves\/p256.swift","hash":"025b79141e832fa73e1b32846c6a589f11e572d7"},{"path":"\/Users\/lwesterhoff\/Developer\/Evervault\/evervault-ios\/Sources\/EvervaultCore\/core\/dataHandlers\/ArrayHandler.swift","hash":"181de7bc2de136fe4a75d7913b2c748064c4fadd"},{"path":"\/Users\/lwesterhoff\/Developer\/Evervault\/evervault-ios\/Sources\/EvervaultCore\/core\/dataHandlers\/BooleanHandler.swift","hash":"4b4379e7870b92437214d6da3fed9acf50116e30"},{"path":"\/Users\/lwesterhoff\/Developer\/Evervault\/evervault-ios\/Sources\/EvervaultCore\/core\/dataHandlers\/BytesHandler.swift","hash":"1e14094c77f3976ec791c203d4707fe229c49b4d"},{"path":"\/Users\/lwesterhoff\/Developer\/Evervault\/evervault-ios\/Sources\/EvervaultCore\/core\/dataHandlers\/DataHandler.swift","hash":"bd1e3fcbca207ecc61cbc691669745efd5d49eea"},{"path":"\/Users\/lwesterhoff\/Developer\/Evervault\/evervault-ios\/Sources\/EvervaultCore\/core\/dataHandlers\/DataHandlers.swift","hash":"fdece3d6294771b5ba482a232b406d0d8ccf7666"},{"path":"\/Users\/lwesterhoff\/Developer\/Evervault\/evervault-ios\/Sources\/EvervaultCore\/core\/dataHandlers\/DictionaryHandler.swift","hash":"d947fa7eef95ea30d012aeb6fb63e72efbdf2bb4"},{"path":"\/Users\/lwesterhoff\/Developer\/Evervault\/evervault-ios\/Sources\/EvervaultCore\/core\/dataHandlers\/NumberHandler.swift","hash":"97f196b88535e79b994a003770fb9a4317a44b77"},{"path":"\/Users\/lwesterhoff\/Developer\/Evervault\/evervault-ios\/Sources\/EvervaultCore\/core\/dataHandlers\/StringHandler.swift","hash":"ab0033de0ca3d1482bcebb48237c8c71ef5a51dc"},{"path":"\/Users\/lwesterhoff\/Developer\/Evervault\/evervault-ios\/Sources\/EvervaultCore\/core\/keys\/CageKey.swift","hash":"3d10ae8582434fb44005888e07ec1acf1209f48a"},{"path":"\/Users\/lwesterhoff\/Developer\/Evervault\/evervault-ios\/Sources\/EvervaultCore\/utils\/EvervaultError.swift","hash":"1ff5d40a411440220f0463e249c5b7dd8b0912b8"},{"path":"\/Users\/lwesterhoff\/Developer\/Evervault\/evervault-ios\/Sources\/EvervaultCore\/utils\/crc32.swift","hash":"bb02af694fe5e5497f26af81d6a66ad4c1586c4c"},{"path":"\/Users\/lwesterhoff\/Developer\/Evervault\/evervault-ios\/Sources\/EvervaultCore\/utils\/ecPointCompress.swift","hash":"4ac6bc85c2eeaab84ca2c9d51390c4a3c3a45415"}],"configHash":"a746a922f1849b3af574143de0626413b835c55a","dependencyPathsHash":"da39a3ee5e6b4b0d3255bfef95601890afd80709","targetPathsHash":"8137a1f67e3337fb97f71c6243011419208ed0c5","mockedTypesHash":"bbc9f5c12080f5f49e0f4d019f3108c27d8c58ed","outputHash":"5cbbf64f0b5d01ba3777b778a7aec80931d06be7","dependencies":[],"sourceRoot":"\/Users\/lwesterhoff\/Developer\/Evervault\/evervault-ios","supportingFilePaths":[],"name":"EvervaultCore","projectHash":"8b8edddc66cad4467632b65a6872746f9d83d9b0"}