{"projectHash":"c2687d726cf05149844db8d9b3210cd690ec167f","productModuleName":"EvervaultTests","mockedTypeNames":["\/Users\/lwesterhoff\/Developer\/Evervault\/evervault-ios\/Tests\/EvervaultTests\/core\/dataHandlers\/NumberHandler.swift",["DataHandlerContext","DataCipher"],"\/Users\/lwesterhoff\/Developer\/Evervault\/evervault-ios\/Tests\/EvervaultTests\/core\/dataHandlers\/StringHandlerTest.swift",["DataHandlerContext","DataCipher"],"\/Users\/lwesterhoff\/Developer\/Evervault\/evervault-ios\/Tests\/EvervaultTests\/core\/curves\/asn1Test.swift",[],"\/Users\/lwesterhoff\/Developer\/Evervault\/evervault-ios\/Tests\/EvervaultTests\/core\/dataHandlers\/DataHandlersTest.swift",["DataCipher","DataHandlerContext"],"\/Users\/lwesterhoff\/Developer\/Evervault\/evervault-ios\/Tests\/EvervaultTests\/core\/dataHandlers\/ArrayHandlerTest.swift",["DataHandlerContext"],"\/Users\/lwesterhoff\/Developer\/Evervault\/evervault-ios\/Tests\/EvervaultTests\/core\/keys\/CageKeyTest.swift",[],"\/Users\/lwesterhoff\/Developer\/Evervault\/evervault-ios\/Tests\/EvervaultTests\/core\/dataHandlers\/BooleanHandlerTest.swift",["DataHandlerContext","DataCipher"],"\/Users\/lwesterhoff\/Developer\/Evervault\/evervault-ios\/Tests\/EvervaultTests\/core\/dataHandlers\/DictionaryHandlerTest.swift",["DataHandlerContext"],"\/Users\/lwesterhoff\/Developer\/Evervault\/evervault-ios\/Tests\/EvervaultTests\/core\/BasicTest.swift",[]],"cliVersion":"0.20.0","sourceFilePaths":[{"path":"\/Users\/lwesterhoff\/Developer\/Evervault\/evervault-ios\/Tests\/EvervaultTests\/MockingbirdMocks\/EvervaultMocks.generated.swift","hash":"340b525ba38a2d0cf7962a31afa53bcdd16e5cf8"},{"path":"\/Users\/lwesterhoff\/Developer\/Evervault\/evervault-ios\/Tests\/EvervaultTests\/core\/BasicTest.swift","hash":"dc9be33174f56e31fdd0fad52881316e1ebd5a86"},{"path":"\/Users\/lwesterhoff\/Developer\/Evervault\/evervault-ios\/Tests\/EvervaultTests\/core\/curves\/asn1Test.swift","hash":"f2a999dc97936589ff2338d6c1bbe3c80579efc2"},{"path":"\/Users\/lwesterhoff\/Developer\/Evervault\/evervault-ios\/Tests\/EvervaultTests\/core\/dataHandlers\/ArrayHandlerTest.swift","hash":"babc4fa35bc912d69477a633210e30f3f7fa8e9b"},{"path":"\/Users\/lwesterhoff\/Developer\/Evervault\/evervault-ios\/Tests\/EvervaultTests\/core\/dataHandlers\/BooleanHandlerTest.swift","hash":"82f6fe970fc8ca4d01b1d1c90c331871bd260740"},{"path":"\/Users\/lwesterhoff\/Developer\/Evervault\/evervault-ios\/Tests\/EvervaultTests\/core\/dataHandlers\/DataHandlersTest.swift","hash":"d9b830a8ae961065ffd2ecb9cf44db8669972e5a"},{"path":"\/Users\/lwesterhoff\/Developer\/Evervault\/evervault-ios\/Tests\/EvervaultTests\/core\/dataHandlers\/DictionaryHandlerTest.swift","hash":"fd9e8e0c80f01e941e25032ddbac255b72098462"},{"path":"\/Users\/lwesterhoff\/Developer\/Evervault\/evervault-ios\/Tests\/EvervaultTests\/core\/dataHandlers\/NumberHandler.swift","hash":"d23bdfcc6bc544308c0acc5e4a26676e3aff01e8"},{"path":"\/Users\/lwesterhoff\/Developer\/Evervault\/evervault-ios\/Tests\/EvervaultTests\/core\/dataHandlers\/StringHandlerTest.swift","hash":"d166c69ac9b2d67b78a6d90480dd5ad26f87ed14"},{"path":"\/Users\/lwesterhoff\/Developer\/Evervault\/evervault-ios\/Tests\/EvervaultTests\/core\/keys\/CageKeyTest.swift","hash":"1a0ca21e7ee8815869c39b7db8a499132b24db55"}],"sourceRoot":"\/Users\/lwesterhoff\/Developer\/Evervault\/evervault-ios","dependencies":[],"name":"EvervaultTests"}