{"projectHash":"8b8edddc66cad4467632b65a6872746f9d83d9b0","productModuleName":"EvervaultCoreTests","mockedTypeNames":["\/Users\/lwesterhoff\/Developer\/Evervault\/evervault-ios\/Tests\/EvervaultCoreTests\/core\/curves\/asn1Test.swift",[],"\/Users\/lwesterhoff\/Developer\/Evervault\/evervault-ios\/Tests\/EvervaultCoreTests\/core\/keys\/CageKeyTest.swift",[],"\/Users\/lwesterhoff\/Developer\/Evervault\/evervault-ios\/Tests\/EvervaultCoreTests\/core\/dataHandlers\/ArrayHandlerTest.swift",["DataHandlerContext"],"\/Users\/lwesterhoff\/Developer\/Evervault\/evervault-ios\/Tests\/EvervaultCoreTests\/core\/dataHandlers\/NumberHandler.swift",["DataHandlerContext","DataCipher"],"\/Users\/lwesterhoff\/Developer\/Evervault\/evervault-ios\/Tests\/EvervaultCoreTests\/core\/dataHandlers\/DataHandlersTest.swift",["DataCipher","DataHandlerContext"],"\/Users\/lwesterhoff\/Developer\/Evervault\/evervault-ios\/Tests\/EvervaultCoreTests\/core\/utils\/crc32Test.swift",[],"\/Users\/lwesterhoff\/Developer\/Evervault\/evervault-ios\/Tests\/EvervaultCoreTests\/core\/dataHandlers\/StringHandlerTest.swift",["DataHandlerContext","DataCipher"],"\/Users\/lwesterhoff\/Developer\/Evervault\/evervault-ios\/Tests\/EvervaultCoreTests\/core\/dataHandlers\/DictionaryHandlerTest.swift",["DataHandlerContext"],"\/Users\/lwesterhoff\/Developer\/Evervault\/evervault-ios\/Tests\/EvervaultCoreTests\/core\/BasicTest.swift",[],"\/Users\/lwesterhoff\/Developer\/Evervault\/evervault-ios\/Tests\/EvervaultCoreTests\/core\/dataHandlers\/BooleanHandlerTest.swift",["DataCipher","DataHandlerContext"]],"cliVersion":"0.20.0","sourceFilePaths":[{"path":"\/Users\/lwesterhoff\/Developer\/Evervault\/evervault-ios\/Tests\/EvervaultCoreTests\/MockingbirdMocks\/EvervaultCoreMocks.generated.swift","hash":"5cbbf64f0b5d01ba3777b778a7aec80931d06be7"},{"path":"\/Users\/lwesterhoff\/Developer\/Evervault\/evervault-ios\/Tests\/EvervaultCoreTests\/core\/BasicTest.swift","hash":"4ce4bd1a442ab73dc232fce74037cce19a6176cc"},{"path":"\/Users\/lwesterhoff\/Developer\/Evervault\/evervault-ios\/Tests\/EvervaultCoreTests\/core\/curves\/asn1Test.swift","hash":"671adf110b6566223592dc671a7a2976b9327251"},{"path":"\/Users\/lwesterhoff\/Developer\/Evervault\/evervault-ios\/Tests\/EvervaultCoreTests\/core\/dataHandlers\/ArrayHandlerTest.swift","hash":"af64426817e2c54ffaf1bfa92a5c863ad7bf7e84"},{"path":"\/Users\/lwesterhoff\/Developer\/Evervault\/evervault-ios\/Tests\/EvervaultCoreTests\/core\/dataHandlers\/BooleanHandlerTest.swift","hash":"e65581e737cdf3a6ab890b881b99ed16b4143f14"},{"path":"\/Users\/lwesterhoff\/Developer\/Evervault\/evervault-ios\/Tests\/EvervaultCoreTests\/core\/dataHandlers\/DataHandlersTest.swift","hash":"5b393c332fb3ffc1da584f67268ac09dad2ff36e"},{"path":"\/Users\/lwesterhoff\/Developer\/Evervault\/evervault-ios\/Tests\/EvervaultCoreTests\/core\/dataHandlers\/DictionaryHandlerTest.swift","hash":"848a4d63b798bd52ec48e1fac8c97191389eb9f7"},{"path":"\/Users\/lwesterhoff\/Developer\/Evervault\/evervault-ios\/Tests\/EvervaultCoreTests\/core\/dataHandlers\/NumberHandler.swift","hash":"75cff7e43036572f12ba9120980820201a5d50b6"},{"path":"\/Users\/lwesterhoff\/Developer\/Evervault\/evervault-ios\/Tests\/EvervaultCoreTests\/core\/dataHandlers\/StringHandlerTest.swift","hash":"66f7052b0cec360144db679ff92daac7e80e4665"},{"path":"\/Users\/lwesterhoff\/Developer\/Evervault\/evervault-ios\/Tests\/EvervaultCoreTests\/core\/keys\/CageKeyTest.swift","hash":"9774d7b31168da8a959a16e197fcb6376f6571ec"},{"path":"\/Users\/lwesterhoff\/Developer\/Evervault\/evervault-ios\/Tests\/EvervaultCoreTests\/core\/utils\/crc32Test.swift","hash":"d87425c307f6d0a85b7b67fa906fff35a4b55ac8"}],"sourceRoot":"\/Users\/lwesterhoff\/Developer\/Evervault\/evervault-ios","dependencies":[],"name":"EvervaultCoreTests"}