{"cliVersion":"0.20.0","productModuleName":"Evervault","sourceFilePaths":[{"path":"\/Users\/lwesterhoff\/Developer\/Evervault\/evervault-ios\/Sources\/Evervault\/Config.swift","hash":"38d4934b776851f63afb740321ac061ecbfcac87"},{"path":"\/Users\/lwesterhoff\/Developer\/Evervault\/evervault-ios\/Sources\/Evervault\/Evervault.swift","hash":"77dfef4aeb7caea0f948f4caf669b55f1f811391"},{"path":"\/Users\/lwesterhoff\/Developer\/Evervault\/evervault-ios\/Sources\/Evervault\/core\/Crypto.swift","hash":"4a2cd57f2ad012b840cc11615869cc921f410292"},{"path":"\/Users\/lwesterhoff\/Developer\/Evervault\/evervault-ios\/Sources\/Evervault\/core\/CryptoLoader.swift","hash":"2c722a57f5924d03a7d7f1409c31e884e80d01eb"},{"path":"\/Users\/lwesterhoff\/Developer\/Evervault\/evervault-ios\/Sources\/Evervault\/core\/DataCipher.swift","hash":"86f003679e517e3bb5931a11539cb73eaec4419b"},{"path":"\/Users\/lwesterhoff\/Developer\/Evervault\/evervault-ios\/Sources\/Evervault\/core\/Http.swift","hash":"551ceb909ccaf2dc2f779c1171ddb6593a95e675"},{"path":"\/Users\/lwesterhoff\/Developer\/Evervault\/evervault-ios\/Sources\/Evervault\/core\/HttpKeysLoader.swift","hash":"5c856bce5c8b3ed79eb44bc0eb5999371d00d0be"},{"path":"\/Users\/lwesterhoff\/Developer\/Evervault\/evervault-ios\/Sources\/Evervault\/core\/curves\/asn1.swift","hash":"95041859f0e1776c5824ed06b34bd7c91885a55e"},{"path":"\/Users\/lwesterhoff\/Developer\/Evervault\/evervault-ios\/Sources\/Evervault\/core\/curves\/buildEncoder.swift","hash":"4fd27e139c33f7287dab40aafc58a63346f36e20"},{"path":"\/Users\/lwesterhoff\/Developer\/Evervault\/evervault-ios\/Sources\/Evervault\/core\/curves\/createCurve.swift","hash":"66d4885030ab504de5cd114df054040f0c2a4387"},{"path":"\/Users\/lwesterhoff\/Developer\/Evervault\/evervault-ios\/Sources\/Evervault\/core\/curves\/p256.swift","hash":"f862f5e76cb5f93725d4f1b61a05c3ca0fc941bc"},{"path":"\/Users\/lwesterhoff\/Developer\/Evervault\/evervault-ios\/Sources\/Evervault\/core\/dataHandlers\/ArrayHandler.swift","hash":"181de7bc2de136fe4a75d7913b2c748064c4fadd"},{"path":"\/Users\/lwesterhoff\/Developer\/Evervault\/evervault-ios\/Sources\/Evervault\/core\/dataHandlers\/BooleanHandler.swift","hash":"4b4379e7870b92437214d6da3fed9acf50116e30"},{"path":"\/Users\/lwesterhoff\/Developer\/Evervault\/evervault-ios\/Sources\/Evervault\/core\/dataHandlers\/BytesHandler.swift","hash":"1e14094c77f3976ec791c203d4707fe229c49b4d"},{"path":"\/Users\/lwesterhoff\/Developer\/Evervault\/evervault-ios\/Sources\/Evervault\/core\/dataHandlers\/DataHandler.swift","hash":"540827be3712d06584d8329fe4d3067556f5389f"},{"path":"\/Users\/lwesterhoff\/Developer\/Evervault\/evervault-ios\/Sources\/Evervault\/core\/dataHandlers\/DataHandlers.swift","hash":"fdece3d6294771b5ba482a232b406d0d8ccf7666"},{"path":"\/Users\/lwesterhoff\/Developer\/Evervault\/evervault-ios\/Sources\/Evervault\/core\/dataHandlers\/DictionaryHandler.swift","hash":"d947fa7eef95ea30d012aeb6fb63e72efbdf2bb4"},{"path":"\/Users\/lwesterhoff\/Developer\/Evervault\/evervault-ios\/Sources\/Evervault\/core\/dataHandlers\/NumberHandler.swift","hash":"97f196b88535e79b994a003770fb9a4317a44b77"},{"path":"\/Users\/lwesterhoff\/Developer\/Evervault\/evervault-ios\/Sources\/Evervault\/core\/dataHandlers\/StringHandler.swift","hash":"ab0033de0ca3d1482bcebb48237c8c71ef5a51dc"},{"path":"\/Users\/lwesterhoff\/Developer\/Evervault\/evervault-ios\/Sources\/Evervault\/core\/keys\/CageKey.swift","hash":"3d10ae8582434fb44005888e07ec1acf1209f48a"},{"path":"\/Users\/lwesterhoff\/Developer\/Evervault\/evervault-ios\/Sources\/Evervault\/evervault_ios.swift","hash":"2af5d74c60f38d0f4ce68f1ea41cffc8d25b7f5a"},{"path":"\/Users\/lwesterhoff\/Developer\/Evervault\/evervault-ios\/Sources\/Evervault\/utils\/EvervaultError.swift","hash":"1ff5d40a411440220f0463e249c5b7dd8b0912b8"},{"path":"\/Users\/lwesterhoff\/Developer\/Evervault\/evervault-ios\/Sources\/Evervault\/utils\/crc32.swift","hash":"817a6c23820413aa5a3f32bf78c7b07450feabcf"},{"path":"\/Users\/lwesterhoff\/Developer\/Evervault\/evervault-ios\/Sources\/Evervault\/utils\/ecPointCompress.swift","hash":"4ac6bc85c2eeaab84ca2c9d51390c4a3c3a45415"}],"configHash":"de682ea2fc61078a0bce98c6e150ca6a30b21447","dependencyPathsHash":"da39a3ee5e6b4b0d3255bfef95601890afd80709","targetPathsHash":"74ba38932fe4e990329a479af886ffe51df12ccd","mockedTypesHash":"bbc9f5c12080f5f49e0f4d019f3108c27d8c58ed","outputHash":"340b525ba38a2d0cf7962a31afa53bcdd16e5cf8","dependencies":[],"sourceRoot":"\/Users\/lwesterhoff\/Developer\/Evervault\/evervault-ios","supportingFilePaths":[],"name":"Evervault","projectHash":"c2687d726cf05149844db8d9b3210cd690ec167f"}