{"cliVersion":"0.20.0","productModuleName":"Evervault","sourceFilePaths":[{"path":"\/Users\/lwesterhoff\/Developer\/Evervault\/evervault-ios\/Sources\/Evervault\/Config.swift","hash":"38d4934b776851f63afb740321ac061ecbfcac87"},{"path":"\/Users\/lwesterhoff\/Developer\/Evervault\/evervault-ios\/Sources\/Evervault\/Evervault.swift","hash":"a021fa053d253dca2adec5feb8b87cbff9317087"},{"path":"\/Users\/lwesterhoff\/Developer\/Evervault\/evervault-ios\/Sources\/Evervault\/core\/Crypto.swift","hash":"135be1a126df62bc6bf6aafc4e65113b18f0e80b"},{"path":"\/Users\/lwesterhoff\/Developer\/Evervault\/evervault-ios\/Sources\/Evervault\/core\/CryptoLoader.swift","hash":"d91cfd7559ae5a9e23b9c24f7300c9afea89aaa2"},{"path":"\/Users\/lwesterhoff\/Developer\/Evervault\/evervault-ios\/Sources\/Evervault\/core\/DataCipher.swift","hash":"4ba7f84177c4123c6d49ce24038cdf57f85c5c06"},{"path":"\/Users\/lwesterhoff\/Developer\/Evervault\/evervault-ios\/Sources\/Evervault\/core\/Http.swift","hash":"551ceb909ccaf2dc2f779c1171ddb6593a95e675"},{"path":"\/Users\/lwesterhoff\/Developer\/Evervault\/evervault-ios\/Sources\/Evervault\/core\/HttpKeysLoader.swift","hash":"5c856bce5c8b3ed79eb44bc0eb5999371d00d0be"},{"path":"\/Users\/lwesterhoff\/Developer\/Evervault\/evervault-ios\/Sources\/Evervault\/core\/curves\/asn1.swift","hash":"95041859f0e1776c5824ed06b34bd7c91885a55e"},{"path":"\/Users\/lwesterhoff\/Developer\/Evervault\/evervault-ios\/Sources\/Evervault\/core\/curves\/buildEncoder.swift","hash":"4fd27e139c33f7287dab40aafc58a63346f36e20"},{"path":"\/Users\/lwesterhoff\/Developer\/Evervault\/evervault-ios\/Sources\/Evervault\/core\/curves\/createCurve.swift","hash":"66d4885030ab504de5cd114df054040f0c2a4387"},{"path":"\/Users\/lwesterhoff\/Developer\/Evervault\/evervault-ios\/Sources\/Evervault\/core\/curves\/p256.swift","hash":"f862f5e76cb5f93725d4f1b61a05c3ca0fc941bc"},{"path":"\/Users\/lwesterhoff\/Developer\/Evervault\/evervault-ios\/Sources\/Evervault\/core\/dataHandlers\/ArrayHandler.swift","hash":"181de7bc2de136fe4a75d7913b2c748064c4fadd"},{"path":"\/Users\/lwesterhoff\/Developer\/Evervault\/evervault-ios\/Sources\/Evervault\/core\/dataHandlers\/BooleanHandler.swift","hash":"4b4379e7870b92437214d6da3fed9acf50116e30"},{"path":"\/Users\/lwesterhoff\/Developer\/Evervault\/evervault-ios\/Sources\/Evervault\/core\/dataHandlers\/DataHandler.swift","hash":"540827be3712d06584d8329fe4d3067556f5389f"},{"path":"\/Users\/lwesterhoff\/Developer\/Evervault\/evervault-ios\/Sources\/Evervault\/core\/dataHandlers\/DataHandlers.swift","hash":"1b09984967b929af01d8f006d98e3abf9f0c23ca"},{"path":"\/Users\/lwesterhoff\/Developer\/Evervault\/evervault-ios\/Sources\/Evervault\/core\/dataHandlers\/NumberHandler.swift","hash":"97f196b88535e79b994a003770fb9a4317a44b77"},{"path":"\/Users\/lwesterhoff\/Developer\/Evervault\/evervault-ios\/Sources\/Evervault\/core\/dataHandlers\/StringHandler.swift","hash":"ab0033de0ca3d1482bcebb48237c8c71ef5a51dc"},{"path":"\/Users\/lwesterhoff\/Developer\/Evervault\/evervault-ios\/Sources\/Evervault\/core\/keys\/CageKey.swift","hash":"3d10ae8582434fb44005888e07ec1acf1209f48a"},{"path":"\/Users\/lwesterhoff\/Developer\/Evervault\/evervault-ios\/Sources\/Evervault\/evervault_ios.swift","hash":"2af5d74c60f38d0f4ce68f1ea41cffc8d25b7f5a"},{"path":"\/Users\/lwesterhoff\/Developer\/Evervault\/evervault-ios\/Sources\/Evervault\/utils\/EvervaultError.swift","hash":"8dd645a60bff70335fc0b17e704b0b1eec26a585"},{"path":"\/Users\/lwesterhoff\/Developer\/Evervault\/evervault-ios\/Sources\/Evervault\/utils\/ecPointCompress.swift","hash":"4ac6bc85c2eeaab84ca2c9d51390c4a3c3a45415"}],"configHash":"de682ea2fc61078a0bce98c6e150ca6a30b21447","dependencyPathsHash":"da39a3ee5e6b4b0d3255bfef95601890afd80709","targetPathsHash":"147ca2833a5ee9bfb34563e4fc23c2b64a61883f","mockedTypesHash":"bbc9f5c12080f5f49e0f4d019f3108c27d8c58ed","outputHash":"929769af76baa7323d32cf6c73d710a9a6a3d884","dependencies":[],"sourceRoot":"\/Users\/lwesterhoff\/Developer\/Evervault\/evervault-ios","supportingFilePaths":[],"name":"Evervault","projectHash":"302cfa3b2b8dde5b585fd45e47ca6a3409b40882"}