{"projectHash":"302cfa3b2b8dde5b585fd45e47ca6a3409b40882","productModuleName":"EvervaultTests","mockedTypeNames":["\/Users\/lwesterhoff\/Developer\/Evervault\/evervault-ios\/Tests\/EvervaultTests\/core\/curves\/asn1Test.swift",[],"\/Users\/lwesterhoff\/Developer\/Evervault\/evervault-ios\/Tests\/EvervaultTests\/core\/keys\/CageKeyTest.swift",[],"\/Users\/lwesterhoff\/Developer\/Evervault\/evervault-ios\/Tests\/EvervaultTests\/core\/dataHandlers\/BooleanHandlerTest.swift",["DataHandlerContext","DataCipher"],"\/Users\/lwesterhoff\/Developer\/Evervault\/evervault-ios\/Tests\/EvervaultTests\/core\/dataHandlers\/ArrayHandlerTest.swift",[],"\/Users\/lwesterhoff\/Developer\/Evervault\/evervault-ios\/Tests\/EvervaultTests\/core\/dataHandlers\/NumberHandler.swift",["DataCipher"],"\/Users\/lwesterhoff\/Developer\/Evervault\/evervault-ios\/Tests\/EvervaultTests\/core\/dataHandlers\/StringHandlerTest.swift",["DataCipher"],"\/Users\/lwesterhoff\/Developer\/Evervault\/evervault-ios\/Tests\/EvervaultTests\/core\/BasicTest.swift",[]],"cliVersion":"0.20.0","sourceFilePaths":[{"path":"\/Users\/lwesterhoff\/Developer\/Evervault\/evervault-ios\/Tests\/EvervaultTests\/MockingbirdMocks\/EvervaultMocks.generated.swift","hash":"929769af76baa7323d32cf6c73d710a9a6a3d884"},{"path":"\/Users\/lwesterhoff\/Developer\/Evervault\/evervault-ios\/Tests\/EvervaultTests\/core\/BasicTest.swift","hash":"48d7182154d933d5536697873897906d6f305497"},{"path":"\/Users\/lwesterhoff\/Developer\/Evervault\/evervault-ios\/Tests\/EvervaultTests\/core\/curves\/asn1Test.swift","hash":"f2a999dc97936589ff2338d6c1bbe3c80579efc2"},{"path":"\/Users\/lwesterhoff\/Developer\/Evervault\/evervault-ios\/Tests\/EvervaultTests\/core\/dataHandlers\/ArrayHandlerTest.swift","hash":"ed378e068e60881a732b9391721abd4aacb9f52d"},{"path":"\/Users\/lwesterhoff\/Developer\/Evervault\/evervault-ios\/Tests\/EvervaultTests\/core\/dataHandlers\/BooleanHandlerTest.swift","hash":"27a73455de5ddf5a15dc79e849a7c3bdc88fa396"},{"path":"\/Users\/lwesterhoff\/Developer\/Evervault\/evervault-ios\/Tests\/EvervaultTests\/core\/dataHandlers\/NumberHandler.swift","hash":"240331df6dbb2a16e8b30b69411ba6aab5969fbc"},{"path":"\/Users\/lwesterhoff\/Developer\/Evervault\/evervault-ios\/Tests\/EvervaultTests\/core\/dataHandlers\/StringHandlerTest.swift","hash":"88d63732f9e4db59837265568331222d43b3e8f6"},{"path":"\/Users\/lwesterhoff\/Developer\/Evervault\/evervault-ios\/Tests\/EvervaultTests\/core\/keys\/CageKeyTest.swift","hash":"1a0ca21e7ee8815869c39b7db8a499132b24db55"}],"sourceRoot":"\/Users\/lwesterhoff\/Developer\/Evervault\/evervault-ios","dependencies":[],"name":"EvervaultTests"}